
Microsoft Visual Studio Solution File, Format Version 12.00
# Visual Studio 15
VisualStudioVersion = 15.0.27428.2037
MinimumVisualStudioVersion = 10.0.40219.1
Project("{FAE04EC0-301F-11D3-BF4B-00C04F79EFBC}") = "SchoolSystem", "SchoolSystem\SchoolSystem.csproj", "{39DE9C99-2B84-403E-BE4B-97E52BE4A1BC}"
EndProject
Project("{FAE04EC0-301F-11D3-BF4B-00C04F79EFBC}") = "Model", "Model\Model.csproj", "{0F12EB01-4D48-416C-A67A-3A7B54DB08C2}"
EndProject
Global
	GlobalSection(SolutionConfigurationPlatforms) = preSolution
		Debug|Any CPU = Debug|Any CPU
		Release|Any CPU = Release|Any CPU
	EndGlobalSection
	GlobalSection(ProjectConfigurationPlatforms) = postSolution
		{39DE9C99-2B84-403E-BE4B-97E52BE4A1BC}.Debug|Any CPU.ActiveCfg = Debug|Any CPU
		{39DE9C99-2B84-403E-BE4B-97E52BE4A1BC}.Debug|Any CPU.Build.0 = Debug|Any CPU
		{39DE9C99-2B84-403E-BE4B-97E52BE4A1BC}.Release|Any CPU.ActiveCfg = Release|Any CPU
		{39DE9C99-2B84-403E-BE4B-97E52BE4A1BC}.Release|Any CPU.Build.0 = Release|Any CPU
		{0F12EB01-4D48-416C-A67A-3A7B54DB08C2}.Debug|Any CPU.ActiveCfg = Debug|Any CPU
		{0F12EB01-4D48-416C-A67A-3A7B54DB08C2}.Debug|Any CPU.Build.0 = Debug|Any CPU
		{0F12EB01-4D48-416C-A67A-3A7B54DB08C2}.Release|Any CPU.ActiveCfg = Release|Any CPU
		{0F12EB01-4D48-416C-A67A-3A7B54DB08C2}.Release|Any CPU.Build.0 = Release|Any CPU
	EndGlobalSection
	GlobalSection(SolutionProperties) = preSolution
		HideSolutionNode = FALSE
	EndGlobalSection
	GlobalSection(ExtensibilityGlobals) = postSolution
		SolutionGuid = {E4823249-3336-44A8-843E-E99E7A68B072}
	EndGlobalSection
EndGlobal
